Microsoft Visual Studio Solution File, Format Version 12.00
# Visual Studio Version 17
VisualStudioVersion = 17.5.2.0
MinimumVisualStudioVersion = 10.0.40219.1
Project("{FAE04EC0-301F-11D3-BF4B-00C04F79EFBC}") = "01-HelloWorld", "01-HelloWorld\01-HelloWorld.csproj", "{44DAD9C8-23C3-A089-5966-12D96C0534DC}"
EndProject
Project("{FAE04EC0-301F-11D3-BF4B-00C04F79EFBC}") = "02-Input", "02-Input\02-Input.csproj", "{9B489F0B-ACDC-442C-94CC-6F195537C649}"
EndProject
Project("{FAE04EC0-301F-11D3-BF4B-00C04F79EFBC}") = "03-If", "03-If\03-If.csproj", "{E26F84AE-95EA-46D3-86E7-4F19B91EF7C8}"
EndProject
Project("{FAE04EC0-301F-11D3-BF4B-00C04F79EFBC}") = "04-Loops", "04-Loops\04-Loops.csproj", "{C75EC646-3A73-4512-A581-D5CCF602062F}"
EndProject
Project("{FAE04EC0-301F-11D3-BF4B-00C04F79EFBC}") = "05-Arrays", "05-Arrays\05-Arrays.csproj", "{BF4992F1-BFC7-473F-A3EA-7FFE69E65B79}"
EndProject
Project("{FAE04EC0-301F-11D3-BF4B-00C04F79EFBC}") = "06-Methods", "06-Methods\06-Methods.csproj", "{EE4695D9-470D-4482-A3DE-1A9067500BA6}"
EndProject
Global
	GlobalSection(SolutionConfigurationPlatforms) = preSolution
		Debug|Any CPU = Debug|Any CPU
		Release|Any CPU = Release|Any CPU
	EndGlobalSection
	GlobalSection(ProjectConfigurationPlatforms) = postSolution
		{44DAD9C8-23C3-A089-5966-12D96C0534DC}.Debug|Any CPU.ActiveCfg = Debug|Any CPU
		{44DAD9C8-23C3-A089-5966-12D96C0534DC}.Debug|Any CPU.Build.0 = Debug|Any CPU
		{44DAD9C8-23C3-A089-5966-12D96C0534DC}.Release|Any CPU.ActiveCfg = Release|Any CPU
		{44DAD9C8-23C3-A089-5966-12D96C0534DC}.Release|Any CPU.Build.0 = Release|Any CPU
		{9B489F0B-ACDC-442C-94CC-6F195537C649}.Debug|Any CPU.ActiveCfg = Debug|Any CPU
		{9B489F0B-ACDC-442C-94CC-6F195537C649}.Debug|Any CPU.Build.0 = Debug|Any CPU
		{9B489F0B-ACDC-442C-94CC-6F195537C649}.Release|Any CPU.ActiveCfg = Release|Any CPU
		{9B489F0B-ACDC-442C-94CC-6F195537C649}.Release|Any CPU.Build.0 = Release|Any CPU
		{E26F84AE-95EA-46D3-86E7-4F19B91EF7C8}.Debug|Any CPU.ActiveCfg = Debug|Any CPU
		{E26F84AE-95EA-46D3-86E7-4F19B91EF7C8}.Debug|Any CPU.Build.0 = Debug|Any CPU
		{E26F84AE-95EA-46D3-86E7-4F19B91EF7C8}.Release|Any CPU.ActiveCfg = Release|Any CPU
		{E26F84AE-95EA-46D3-86E7-4F19B91EF7C8}.Release|Any CPU.Build.0 = Release|Any CPU
		{C75EC646-3A73-4512-A581-D5CCF602062F}.Debug|Any CPU.ActiveCfg = Debug|Any CPU
		{C75EC646-3A73-4512-A581-D5CCF602062F}.Debug|Any CPU.Build.0 = Debug|Any CPU
		{C75EC646-3A73-4512-A581-D5CCF602062F}.Release|Any CPU.ActiveCfg = Release|Any CPU
		{C75EC646-3A73-4512-A581-D5CCF602062F}.Release|Any CPU.Build.0 = Release|Any CPU
		{BF4992F1-BFC7-473F-A3EA-7FFE69E65B79}.Debug|Any CPU.ActiveCfg = Debug|Any CPU
		{BF4992F1-BFC7-473F-A3EA-7FFE69E65B79}.Debug|Any CPU.Build.0 = Debug|Any CPU
		{BF4992F1-BFC7-473F-A3EA-7FFE69E65B79}.Release|Any CPU.ActiveCfg = Release|Any CPU
		{BF4992F1-BFC7-473F-A3EA-7FFE69E65B79}.Release|Any CPU.Build.0 = Release|Any CPU
		{EE4695D9-470D-4482-A3DE-1A9067500BA6}.Debug|Any CPU.ActiveCfg = Debug|Any CPU
		{EE4695D9-470D-4482-A3DE-1A9067500BA6}.Debug|Any CPU.Build.0 = Debug|Any CPU
		{EE4695D9-470D-4482-A3DE-1A9067500BA6}.Release|Any CPU.ActiveCfg = Release|Any CPU
		{EE4695D9-470D-4482-A3DE-1A9067500BA6}.Release|Any CPU.Build.0 = Release|Any CPU
	EndGlobalSection
	GlobalSection(SolutionProperties) = preSolution
		HideSolutionNode = FALSE
	EndGlobalSection
	GlobalSection(ExtensibilityGlobals) = postSolution
		SolutionGuid = {6DB4EDC3-C639-407E-93BD-008DD258F495}
	EndGlobalSection
EndGlobal
